
Microsoft Visual Studio Solution File, Format Version 12.00
# Visual Studio Version 17
VisualStudioVersion = 17.5.002.0
MinimumVisualStudioVersion = 10.0.40219.1
Project("{9A19103F-16F7-4668-BE54-9A1E7A4F7556}") = "razor-pizzeria", "razor-pizzeria.csproj", "{CFC01D68-9951-44AD-A7F0-16BAA9127850}"
EndProject
Global
	GlobalSection(SolutionConfigurationPlatforms) = preSolution
		Debug|Any CPU = Debug|Any CPU
		Release|Any CPU = Release|Any CPU
	EndGlobalSection
	GlobalSection(ProjectConfigurationPlatforms) = postSolution
		{CFC01D68-9951-44AD-A7F0-16BAA9127850}.Debug|Any CPU.ActiveCfg = Debug|Any CPU
		{CFC01D68-9951-44AD-A7F0-16BAA9127850}.Debug|Any CPU.Build.0 = Debug|Any CPU
		{CFC01D68-9951-44AD-A7F0-16BAA9127850}.Release|Any CPU.ActiveCfg = Release|Any CPU
		{CFC01D68-9951-44AD-A7F0-16BAA9127850}.Release|Any CPU.Build.0 = Release|Any CPU
	EndGlobalSection
	GlobalSection(SolutionProperties) = preSolution
		HideSolutionNode = FALSE
	EndGlobalSection
	GlobalSection(ExtensibilityGlobals) = postSolution
		SolutionGuid = {731D657E-C5C2-4B66-A8F9-CF58EB5D8820}
	EndGlobalSection
EndGlobal
